{
  "lockfile_version": "1",
  "packages": {
    "act@latest": {
      "last_modified": "2025-02-02T17:30:19Z",
      "resolved": "github:NixOS/nixpkgs/8532db2a88ba56de9188af72134d93e39fd825f3#act",
      "source": "devbox-search",
      "version": "0.2.72",
      "systems": {
        "aarch64-darwin": {
          "outputs": [
            {
              "name": "out",
              "path": "/nix/store/gw0y0cr5hjf826r1dpv7pzy3wky08k6l-act-0.2.72",
              "default": true
            }
          ],
          "store_path": "/nix/store/gw0y0cr5hjf826r1dpv7pzy3wky08k6l-act-0.2.72"
        },
        "aarch64-linux": {
          "outputs": [
            {
              "name": "out",
              "path": "/nix/store/d74g9pkzx18q2kpyvpl4xssryqlblwjr-act-0.2.72",
              "default": true
            }
          ],
          "store_path": "/nix/store/d74g9pkzx18q2kpyvpl4xssryqlblwjr-act-0.2.72"
        },
        "x86_64-darwin": {
          "outputs": [
            {
              "name": "out",
              "path": "/nix/store/ra3bbpwsmjya0p906lx155i1g26czgcx-act-0.2.72",
              "default": true
            }
          ],
          "store_path": "/nix/store/ra3bbpwsmjya0p906lx155i1g26czgcx-act-0.2.72"
        },
        "x86_64-linux": {
          "outputs": [
            {
              "name": "out",
              "path": "/nix/store/5nbalxs43p8mskys29k1jy7278i1rhz2-act-0.2.72",
              "default": true
            }
          ],
          "store_path": "/nix/store/5nbalxs43p8mskys29k1jy7278i1rhz2-act-0.2.72"
        }
      }
    },
    "envsubst@latest": {
      "last_modified": "2025-01-19T08:16:51Z",
      "resolved": "github:NixOS/nixpkgs/50165c4f7eb48ce82bd063e1fb8047a0f515f8ce#envsubst",
      "source": "devbox-search",
      "version": "1.4.2",
      "systems": {
        "aarch64-darwin": {
          "outputs": [
            {
              "name": "out",
              "path": "/nix/store/6gfs75frkqj4br111lpd7bscgkvw9ydr-envsubst-1.4.2",
              "default": true
            }
          ],
          "store_path": "/nix/store/6gfs75frkqj4br111lpd7bscgkvw9ydr-envsubst-1.4.2"
        },
        "aarch64-linux": {
          "outputs": [
            {
              "name": "out",
              "path": "/nix/store/rz8kslljmy8z1mx50dnaf68p0d4k0km2-envsubst-1.4.2",
              "default": true
            }
          ],
          "store_path": "/nix/store/rz8kslljmy8z1mx50dnaf68p0d4k0km2-envsubst-1.4.2"
        },
        "x86_64-darwin": {
          "outputs": [
            {
              "name": "out",
              "path": "/nix/store/r042ygqqpamyiv5xvf1ij38c8hv5c6mh-envsubst-1.4.2",
              "default": true
            }
          ],
          "store_path": "/nix/store/r042ygqqpamyiv5xvf1ij38c8hv5c6mh-envsubst-1.4.2"
        },
        "x86_64-linux": {
          "outputs": [
            {
              "name": "out",
              "path": "/nix/store/snlai7nxkq71sl2jchy6a8zv7bfaf46q-envsubst-1.4.2",
              "default": true
            }
          ],
          "store_path": "/nix/store/snlai7nxkq71sl2jchy6a8zv7bfaf46q-envsubst-1.4.2"
        }
      }
    },
    "gh@latest": {
      "last_modified": "2025-02-01T15:12:02Z",
      "resolved": "github:NixOS/nixpkgs/102a39bfee444533e6b4e8611d7e92aa39b7bec1#gh",
      "source": "devbox-search",
      "version": "2.66.1",
      "systems": {
        "aarch64-darwin": {
          "outputs": [
            {
              "name": "out",
              "path": "/nix/store/dvy3rk4jxx10ll5mhh0g8a260l2m1c1c-gh-2.66.1",
              "default": true
            }
          ],
          "store_path": "/nix/store/dvy3rk4jxx10ll5mhh0g8a260l2m1c1c-gh-2.66.1"
        },
        "aarch64-linux": {
          "outputs": [
            {
              "name": "out",
              "path": "/nix/store/k6dk8k0wi06k8wrphrkq8pypcql2jx9w-gh-2.66.1",
              "default": true
            }
          ],
          "store_path": "/nix/store/k6dk8k0wi06k8wrphrkq8pypcql2jx9w-gh-2.66.1"
        },
        "x86_64-darwin": {
          "outputs": [
            {
              "name": "out",
              "path": "/nix/store/yhlzsr96n9a5807r8glh89mj66dbk58z-gh-2.66.1",
              "default": true
            }
          ],
          "store_path": "/nix/store/yhlzsr96n9a5807r8glh89mj66dbk58z-gh-2.66.1"
        },
        "x86_64-linux": {
          "outputs": [
            {
              "name": "out",
              "path": "/nix/store/3laqs1ys46ryva9mcmk1q5yvn1k3xhyc-gh-2.66.1",
              "default": true
            }
          ],
          "store_path": "/nix/store/3laqs1ys46ryva9mcmk1q5yvn1k3xhyc-gh-2.66.1"
        }
      }
    },
    "go-task@latest": {
      "last_modified": "2025-01-19T08:16:51Z",
      "resolved": "github:NixOS/nixpkgs/50165c4f7eb48ce82bd063e1fb8047a0f515f8ce#go-task",
      "source": "devbox-search",
      "version": "3.41.0",
      "systems": {
        "aarch64-darwin": {
          "outputs": [
            {
              "name": "out",
              "path": "/nix/store/v4vvksxrgyxdyhb1hvvap5sqp4ycl7xv-go-task-3.41.0",
              "default": true
            }
          ],
          "store_path": "/nix/store/v4vvksxrgyxdyhb1hvvap5sqp4ycl7xv-go-task-3.41.0"
        },
        "aarch64-linux": {
          "outputs": [
            {
              "name": "out",
              "path": "/nix/store/iq7vnz78z8ff1px700ra1j4iinfsvhjg-go-task-3.41.0",
              "default": true
            }
          ],
          "store_path": "/nix/store/iq7vnz78z8ff1px700ra1j4iinfsvhjg-go-task-3.41.0"
        },
        "x86_64-darwin": {
          "outputs": [
            {
              "name": "out",
              "path": "/nix/store/bf1zwbad0cqwhpcjylynpx18c8ylm6nx-go-task-3.41.0",
              "default": true
            }
          ],
          "store_path": "/nix/store/bf1zwbad0cqwhpcjylynpx18c8ylm6nx-go-task-3.41.0"
        },
        "x86_64-linux": {
          "outputs": [
            {
              "name": "out",
              "path": "/nix/store/cbz45j0wbsp929rd8381ifbiqxy7jp71-go-task-3.41.0",
              "default": true
            }
          ],
          "store_path": "/nix/store/cbz45j0wbsp929rd8381ifbiqxy7jp71-go-task-3.41.0"
        }
      }
    },
    "go@latest": {
      "last_modified": "2025-02-07T11:26:36Z",
      "resolved": "github:NixOS/nixpkgs/d98abf5cf5914e5e4e9d57205e3af55ca90ffc1d#go",
      "source": "devbox-search",
      "version": "1.23.5",
      "systems": {
        "aarch64-darwin": {
          "outputs": [
            {
              "name": "out",
              "path": "/nix/store/nygq6zbzjqg8zkx8p9xh0ydvvi0v2vvv-go-1.23.5",
              "default": true
            }
          ],
          "store_path": "/nix/store/nygq6zbzjqg8zkx8p9xh0ydvvi0v2vvv-go-1.23.5"
        },
        "aarch64-linux": {
          "outputs": [
            {
              "name": "out",
              "path": "/nix/store/f3psxd8yplxjxv5nzkhhrczlfdipqqas-go-1.23.5",
              "default": true
            }
          ],
          "store_path": "/nix/store/f3psxd8yplxjxv5nzkhhrczlfdipqqas-go-1.23.5"
        },
        "x86_64-darwin": {
          "outputs": [
            {
              "name": "out",
              "path": "/nix/store/xjyip7f73zvpbld41qgj0jspka4624jr-go-1.23.5",
              "default": true
            }
          ],
          "store_path": "/nix/store/xjyip7f73zvpbld41qgj0jspka4624jr-go-1.23.5"
        },
        "x86_64-linux": {
          "outputs": [
            {
              "name": "out",
              "path": "/nix/store/kaajk63cgb8yrqvqvlmbss31b6nia854-go-1.23.5",
              "default": true
            }
          ],
          "store_path": "/nix/store/kaajk63cgb8yrqvqvlmbss31b6nia854-go-1.23.5"
        }
      }
    },
    "gum@latest": {
      "last_modified": "2025-01-29T07:48:22Z",
      "resolved": "github:NixOS/nixpkgs/9a5db3142ce450045840cc8d832b13b8a2018e0c#gum",
      "source": "devbox-search",
      "version": "0.15.1",
      "systems": {
        "aarch64-darwin": {
          "outputs": [
            {
              "name": "out",
              "path": "/nix/store/x8ppzim6x8amxzrkqb85905p0a8nsrda-gum-0.15.1",
              "default": true
            }
          ],
          "store_path": "/nix/store/x8ppzim6x8amxzrkqb85905p0a8nsrda-gum-0.15.1"
        },
        "aarch64-linux": {
          "outputs": [
            {
              "name": "out",
              "path": "/nix/store/a32cysf4yz5vh6jv8kapywxpr52mpza5-gum-0.15.1",
              "default": true
            }
          ],
          "store_path": "/nix/store/a32cysf4yz5vh6jv8kapywxpr52mpza5-gum-0.15.1"
        },
        "x86_64-darwin": {
          "outputs": [
            {
              "name": "out",
              "path": "/nix/store/x9a7n57fw4l6g50bgchsfzwwi5rw5nfy-gum-0.15.1",
              "default": true
            }
          ],
          "store_path": "/nix/store/x9a7n57fw4l6g50bgchsfzwwi5rw5nfy-gum-0.15.1"
        },
        "x86_64-linux": {
          "outputs": [
            {
              "name": "out",
              "path": "/nix/store/srq6a403xm2zmycsfhhxq5bqrdl1v7j5-gum-0.15.1",
              "default": true
            }
          ],
          "store_path": "/nix/store/srq6a403xm2zmycsfhhxq5bqrdl1v7j5-gum-0.15.1"
        }
      }
    },
    "jq@latest": {
      "last_modified": "2025-02-08T12:54:32Z",
      "resolved": "github:NixOS/nixpkgs/fa35a3c8e17a3de613240fea68f876e5b4896aec#jq",
      "source": "devbox-search",
      "version": "1.7.1",
      "systems": {
        "aarch64-darwin": {
          "outputs": [
            {
              "name": "bin",
              "path": "/nix/store/lmlmb3a5kzza0si8xfghr7x17vg8bzxb-jq-1.7.1-bin",
              "default": true
            },
            {
              "name": "man",
              "path": "/nix/store/afygplc4dm1ry7ww3702wafvy8bs9sxc-jq-1.7.1-man",
              "default": true
            },
            {
              "name": "out",
              "path": "/nix/store/jm1bv0cha32k9967sv0z40kqgn5slz4i-jq-1.7.1"
            },
            {
              "name": "dev",
              "path": "/nix/store/89q76wghz9xj2myglfwpv0n6yc19c8i6-jq-1.7.1-dev"
            },
            {
              "name": "doc",
              "path": "/nix/store/dw2717n906kj3xp090fg9cqvcm747jic-jq-1.7.1-doc"
            }
          ],
          "store_path": "/nix/store/lmlmb3a5kzza0si8xfghr7x17vg8bzxb-jq-1.7.1-bin"
        },
        "aarch64-linux": {
          "outputs": [
            {
              "name": "bin",
              "path": "/nix/store/vwpm32inl7g5w4p1hqkhjlj1wv0ic67y-jq-1.7.1-bin",
              "default": true
            },
            {
              "name": "man",
              "path": "/nix/store/m546xg6bwy8i785z5a7nx1ca3k9isd93-jq-1.7.1-man",
              "default": true
            },
            {
              "name": "dev",
              "path": "/nix/store/fn8f3hh3k8z3xxkl6al6qx78577w4hdx-jq-1.7.1-dev"
            },
            {
              "name": "doc",
              "path": "/nix/store/jzcllz8ry9hnlpq954ik9fi215iir24l-jq-1.7.1-doc"
            },
            {
              "name": "out",
              "path": "/nix/store/msmdzk125aal9mj8d0gd7r4sygh0mg4m-jq-1.7.1"
            }
          ],
          "store_path": "/nix/store/vwpm32inl7g5w4p1hqkhjlj1wv0ic67y-jq-1.7.1-bin"
        },
        "x86_64-darwin": {
          "outputs": [
            {
              "name": "bin",
              "path": "/nix/store/j7hzqr3vfjghlm3wfy8va9b6abwhdkpf-jq-1.7.1-bin",
              "default": true
            },
            {
              "name": "man",
              "path": "/nix/store/1yr3pl2mrbb09i203bi1qppbzp4dvp7w-jq-1.7.1-man",
              "default": true
            },
            {
              "name": "dev",
              "path": "/nix/store/5sqag6l82rxxl24vj688vmqrqk4kg45z-jq-1.7.1-dev"
            },
            {
              "name": "doc",
              "path": "/nix/store/bg150ikzp69zfjb1klcckzpjy88djnag-jq-1.7.1-doc"
            },
            {
              "name": "out",
              "path": "/nix/store/jw6m3k9r4a7mvzcxr66fxib0s4182i9d-jq-1.7.1"
            }
          ],
          "store_path": "/nix/store/j7hzqr3vfjghlm3wfy8va9b6abwhdkpf-jq-1.7.1-bin"
        },
        "x86_64-linux": {
          "outputs": [
            {
              "name": "bin",
              "path": "/nix/store/n4xfh00cw7vnwnrlx9asp545z82pazgc-jq-1.7.1-bin",
              "default": true
            },
            {
              "name": "man",
              "path": "/nix/store/fj5sc6yb8v39min7kavc0i24nwmlsyki-jq-1.7.1-man",
              "default": true
            },
            {
              "name": "out",
              "path": "/nix/store/4b9rswbcgqiqidglpz6nrwlsfkhi7v22-jq-1.7.1"
            },
            {
              "name": "dev",
              "path": "/nix/store/lcjisy815hp4agl57xqh2w6mic1v8jlf-jq-1.7.1-dev"
            },
            {
              "name": "doc",
              "path": "/nix/store/41ir7g8plmi9257c4g8ag94jl9vhkp4l-jq-1.7.1-doc"
            }
          ],
          "store_path": "/nix/store/n4xfh00cw7vnwnrlx9asp545z82pazgc-jq-1.7.1-bin"
        }
      }
    },
    "k9s@latest": {
      "last_modified": "2025-01-19T08:16:51Z",
      "resolved": "github:NixOS/nixpkgs/50165c4f7eb48ce82bd063e1fb8047a0f515f8ce#k9s",
      "source": "devbox-search",
      "version": "0.32.7",
      "systems": {
        "aarch64-darwin": {
          "outputs": [
            {
              "name": "out",
              "path": "/nix/store/davyazrjq67v3asr3c166xwh2q4q2wmj-k9s-0.32.7",
              "default": true
            }
          ],
          "store_path": "/nix/store/davyazrjq67v3asr3c166xwh2q4q2wmj-k9s-0.32.7"
        },
        "aarch64-linux": {
          "outputs": [
            {
              "name": "out",
              "path": "/nix/store/jkibg8q4phcw1yj8lx5f5avshzbjjr8f-k9s-0.32.7",
              "default": true
            }
          ],
          "store_path": "/nix/store/jkibg8q4phcw1yj8lx5f5avshzbjjr8f-k9s-0.32.7"
        },
        "x86_64-darwin": {
          "outputs": [
            {
              "name": "out",
              "path": "/nix/store/3j6m04knddvzgcq3xp0vr1551s6ii93s-k9s-0.32.7",
              "default": true
            }
          ],
          "store_path": "/nix/store/3j6m04knddvzgcq3xp0vr1551s6ii93s-k9s-0.32.7"
        },
        "x86_64-linux": {
          "outputs": [
            {
              "name": "out",
              "path": "/nix/store/m8d3pcdzrcfvy3rzkjpgfr0v94a1pf4i-k9s-0.32.7",
              "default": true
            }
          ],
          "store_path": "/nix/store/m8d3pcdzrcfvy3rzkjpgfr0v94a1pf4i-k9s-0.32.7"
        }
      }
    },
    "kind@latest": {
      "last_modified": "2025-01-19T08:16:51Z",
      "resolved": "github:NixOS/nixpkgs/50165c4f7eb48ce82bd063e1fb8047a0f515f8ce#kind",
      "source": "devbox-search",
      "version": "0.26.0",
      "systems": {
        "aarch64-darwin": {
          "outputs": [
            {
              "name": "out",
              "path": "/nix/store/4j12j5zijvbcyafx85a2qh8jkv4m6lnz-kind-0.26.0",
              "default": true
            }
          ],
          "store_path": "/nix/store/4j12j5zijvbcyafx85a2qh8jkv4m6lnz-kind-0.26.0"
        },
        "aarch64-linux": {
          "outputs": [
            {
              "name": "out",
              "path": "/nix/store/gkpan5sh4kmbxknrf79p9ssd1j024ydb-kind-0.26.0",
              "default": true
            }
          ],
          "store_path": "/nix/store/gkpan5sh4kmbxknrf79p9ssd1j024ydb-kind-0.26.0"
        },
        "x86_64-darwin": {
          "outputs": [
            {
              "name": "out",
              "path": "/nix/store/2vsw8jyi2n4sm74sk1kbff6hq5v8nz6i-kind-0.26.0",
              "default": true
            }
          ],
          "store_path": "/nix/store/2vsw8jyi2n4sm74sk1kbff6hq5v8nz6i-kind-0.26.0"
        },
        "x86_64-linux": {
          "outputs": [
            {
              "name": "out",
              "path": "/nix/store/hp80rb9dpsk2wj5db2zngh5b8hrgwy4k-kind-0.26.0",
              "default": true
            }
          ],
          "store_path": "/nix/store/hp80rb9dpsk2wj5db2zngh5b8hrgwy4k-kind-0.26.0"
        }
      }
    },
    "kluctl@latest": {
      "last_modified": "2025-01-19T08:16:51Z",
      "resolved": "github:NixOS/nixpkgs/50165c4f7eb48ce82bd063e1fb8047a0f515f8ce#kluctl",
      "source": "devbox-search",
      "version": "2.26.0",
      "systems": {
        "aarch64-darwin": {
          "outputs": [
            {
              "name": "out",
              "path": "/nix/store/bj1zxmq1a1zxf3vif4wbj6s61gl351hr-kluctl-2.26.0",
              "default": true
            }
          ],
          "store_path": "/nix/store/bj1zxmq1a1zxf3vif4wbj6s61gl351hr-kluctl-2.26.0"
        },
        "aarch64-linux": {
          "outputs": [
            {
              "name": "out",
              "path": "/nix/store/d68w7gw53v7p59n6km1y2ivglq4l3vpl-kluctl-2.26.0",
              "default": true
            }
          ],
          "store_path": "/nix/store/d68w7gw53v7p59n6km1y2ivglq4l3vpl-kluctl-2.26.0"
        },
        "x86_64-darwin": {
          "outputs": [
            {
              "name": "out",
              "path": "/nix/store/8ls2j75ra00s929p5m5y3iwpm8k9qsqn-kluctl-2.26.0",
              "default": true
            }
          ],
          "store_path": "/nix/store/8ls2j75ra00s929p5m5y3iwpm8k9qsqn-kluctl-2.26.0"
        },
        "x86_64-linux": {
          "outputs": [
            {
              "name": "out",
              "path": "/nix/store/wpv4yv4wc66b7x3lnz0wn3g6dzann1lf-kluctl-2.26.0",
              "default": true
            }
          ],
          "store_path": "/nix/store/wpv4yv4wc66b7x3lnz0wn3g6dzann1lf-kluctl-2.26.0"
        }
      }
    },
    "ko@latest": {
      "last_modified": "2025-01-19T08:16:51Z",
      "resolved": "github:NixOS/nixpkgs/50165c4f7eb48ce82bd063e1fb8047a0f515f8ce#ko",
      "source": "devbox-search",
      "version": "0.15.4",
      "systems": {
        "aarch64-darwin": {
          "outputs": [
            {
              "name": "out",
              "path": "/nix/store/bhpawcsfzvafj269lnfrqklr4sg69nk8-ko-0.15.4",
              "default": true
            }
          ],
          "store_path": "/nix/store/bhpawcsfzvafj269lnfrqklr4sg69nk8-ko-0.15.4"
        },
        "aarch64-linux": {
          "outputs": [
            {
              "name": "out",
              "path": "/nix/store/06pvf940z6d4c57n29z8i4vsg7d2p94z-ko-0.15.4",
              "default": true
            }
          ],
          "store_path": "/nix/store/06pvf940z6d4c57n29z8i4vsg7d2p94z-ko-0.15.4"
        },
        "x86_64-darwin": {
          "outputs": [
            {
              "name": "out",
              "path": "/nix/store/fl2hbly52x3axf504aw69f0fxkv8b8pv-ko-0.15.4",
              "default": true
            }
          ],
          "store_path": "/nix/store/fl2hbly52x3axf504aw69f0fxkv8b8pv-ko-0.15.4"
        },
        "x86_64-linux": {
          "outputs": [
            {
              "name": "out",
              "path": "/nix/store/d0qhrq5356r2cqpybfq2rv7x07a6q6sx-ko-0.15.4",
              "default": true
            }
          ],
          "store_path": "/nix/store/d0qhrq5356r2cqpybfq2rv7x07a6q6sx-ko-0.15.4"
        }
      }
    },
    "kubectl@latest": {
      "last_modified": "2025-02-07T20:06:47Z",
      "resolved": "github:NixOS/nixpkgs/e8d0b02af0958823c955aaab3c82b03f54411d91#kubectl",
      "source": "devbox-search",
      "version": "1.32.1",
      "systems": {
        "aarch64-darwin": {
          "outputs": [
            {
              "name": "out",
              "path": "/nix/store/18441nqn0dahiwn1rvwilqvrqwqvvknz-kubectl-1.32.1",
              "default": true
            },
            {
              "name": "man",
              "path": "/nix/store/7aqhrqy27487ph8gcqwl92lpn48zczlm-kubectl-1.32.1-man",
              "default": true
            },
            {
              "name": "convert",
              "path": "/nix/store/4ahm5rn4f326izlh8nh6zfcf066r0jp9-kubectl-1.32.1-convert"
            }
          ],
          "store_path": "/nix/store/18441nqn0dahiwn1rvwilqvrqwqvvknz-kubectl-1.32.1"
        },
        "aarch64-linux": {
          "outputs": [
            {
              "name": "out",
              "path": "/nix/store/jylypnz6nddbqf85glbyhpmjsbgmlayj-kubectl-1.32.1",
              "default": true
            },
            {
              "name": "man",
              "path": "/nix/store/0f95qz0ynbilx8h0z350in0d8kc9aj1m-kubectl-1.32.1-man",
              "default": true
            },
            {
              "name": "convert",
              "path": "/nix/store/y9kx67c1h6sjr3l4vp7j200v640h32kr-kubectl-1.32.1-convert"
            }
          ],
          "store_path": "/nix/store/jylypnz6nddbqf85glbyhpmjsbgmlayj-kubectl-1.32.1"
        },
        "x86_64-darwin": {
          "outputs": [
            {
              "name": "out",
              "path": "/nix/store/c4ha370mr37kzmr5d3k3x2f7ln51r9fz-kubectl-1.32.1",
              "default": true
            },
            {
              "name": "man",
              "path": "/nix/store/5p29mlkb5ywfn2znwb3pxbyr187585yy-kubectl-1.32.1-man",
              "default": true
            },
            {
              "name": "convert",
              "path": "/nix/store/83qij5g1wkrrwzjn1cwnkd342ifzw97x-kubectl-1.32.1-convert"
            }
          ],
          "store_path": "/nix/store/c4ha370mr37kzmr5d3k3x2f7ln51r9fz-kubectl-1.32.1"
        },
        "x86_64-linux": {
          "outputs": [
            {
              "name": "out",
              "path": "/nix/store/zph6v36yrnyixil25mnysr82i933kx6i-kubectl-1.32.1",
              "default": true
            },
            {
              "name": "man",
              "path": "/nix/store/q843mipr11308vvvp7465yc7y4k5mg06-kubectl-1.32.1-man",
              "default": true
            },
            {
              "name": "convert",
              "path": "/nix/store/y3l02a82n3zzzdipccb1xpdw3yz68cb0-kubectl-1.32.1-convert"
            }
          ],
          "store_path": "/nix/store/zph6v36yrnyixil25mnysr82i933kx6i-kubectl-1.32.1"
        }
      }
    },
    "kubectx@latest": {
      "last_modified": "2025-01-19T08:16:51Z",
      "resolved": "github:NixOS/nixpkgs/50165c4f7eb48ce82bd063e1fb8047a0f515f8ce#kubectx",
      "source": "devbox-search",
      "version": "0.9.5",
      "systems": {
        "aarch64-darwin": {
          "outputs": [
            {
              "name": "out",
              "path": "/nix/store/qdw308qk5h9zl0skci8p4hr3z13id0bj-kubectx-0.9.5",
              "default": true
            }
          ],
          "store_path": "/nix/store/qdw308qk5h9zl0skci8p4hr3z13id0bj-kubectx-0.9.5"
        },
        "aarch64-linux": {
          "outputs": [
            {
              "name": "out",
              "path": "/nix/store/hx8rrzf830c7h3dsqy9nmbhb8lqj9lzm-kubectx-0.9.5",
              "default": true
            }
          ],
          "store_path": "/nix/store/hx8rrzf830c7h3dsqy9nmbhb8lqj9lzm-kubectx-0.9.5"
        },
        "x86_64-darwin": {
          "outputs": [
            {
              "name": "out",
              "path": "/nix/store/5zmizm345r2g0fm50rcmws5fvrbqnhqn-kubectx-0.9.5",
              "default": true
            }
          ],
          "store_path": "/nix/store/5zmizm345r2g0fm50rcmws5fvrbqnhqn-kubectx-0.9.5"
        },
        "x86_64-linux": {
          "outputs": [
            {
              "name": "out",
              "path": "/nix/store/3fgr9xvrkz57gxawpmaf4vjzwlxh09hq-kubectx-0.9.5",
              "default": true
            }
          ],
          "store_path": "/nix/store/3fgr9xvrkz57gxawpmaf4vjzwlxh09hq-kubectx-0.9.5"
        }
      }
    },
    "kubent@latest": {
      "last_modified": "2025-01-19T08:16:51Z",
      "resolved": "github:NixOS/nixpkgs/50165c4f7eb48ce82bd063e1fb8047a0f515f8ce#kubent",
      "source": "devbox-search",
      "version": "0.7.3",
      "systems": {
        "aarch64-darwin": {
          "outputs": [
            {
              "name": "out",
              "path": "/nix/store/y23jkz9bf515wq1j5gxwwdy20rh1v9ff-kubent-0.7.3",
              "default": true
            }
          ],
          "store_path": "/nix/store/y23jkz9bf515wq1j5gxwwdy20rh1v9ff-kubent-0.7.3"
        },
        "aarch64-linux": {
          "outputs": [
            {
              "name": "out",
              "path": "/nix/store/biigl8162hg3rjyzidq9v6lwhrpphxyn-kubent-0.7.3",
              "default": true
            }
          ],
          "store_path": "/nix/store/biigl8162hg3rjyzidq9v6lwhrpphxyn-kubent-0.7.3"
        },
        "x86_64-darwin": {
          "outputs": [
            {
              "name": "out",
              "path": "/nix/store/p7db3agwf3vy79svsr9z8ics3yldhksr-kubent-0.7.3",
              "default": true
            }
          ],
          "store_path": "/nix/store/p7db3agwf3vy79svsr9z8ics3yldhksr-kubent-0.7.3"
        },
        "x86_64-linux": {
          "outputs": [
            {
              "name": "out",
              "path": "/nix/store/myqz0c11kh3qa3c4d7m32z1dp3vdy2g4-kubent-0.7.3",
              "default": true
            }
          ],
          "store_path": "/nix/store/myqz0c11kh3qa3c4d7m32z1dp3vdy2g4-kubent-0.7.3"
        }
      }
    },
    "kubernetes-helm@latest": {
      "last_modified": "2025-01-22T06:06:04Z",
      "resolved": "github:NixOS/nixpkgs/5757bbb8bd7c0630a0cc4bb19c47e588db30b97c#kubernetes-helm",
      "source": "devbox-search",
      "version": "3.17.0",
      "systems": {
        "aarch64-darwin": {
          "outputs": [
            {
              "name": "out",
              "path": "/nix/store/kqb20496bhsi6wlggidm645ncch8lzxw-kubernetes-helm-3.17.0",
              "default": true
            }
          ],
          "store_path": "/nix/store/kqb20496bhsi6wlggidm645ncch8lzxw-kubernetes-helm-3.17.0"
        },
        "aarch64-linux": {
          "outputs": [
            {
              "name": "out",
              "path": "/nix/store/d60427zv4gsskq2rsq6yfbzzwgr4xdz7-kubernetes-helm-3.17.0",
              "default": true
            }
          ],
          "store_path": "/nix/store/d60427zv4gsskq2rsq6yfbzzwgr4xdz7-kubernetes-helm-3.17.0"
        },
        "x86_64-darwin": {
          "outputs": [
            {
              "name": "out",
              "path": "/nix/store/zak1xp04pcfm0b9gaap9jxp4bq0lawxq-kubernetes-helm-3.17.0",
              "default": true
            }
          ],
          "store_path": "/nix/store/zak1xp04pcfm0b9gaap9jxp4bq0lawxq-kubernetes-helm-3.17.0"
        },
        "x86_64-linux": {
          "outputs": [
            {
              "name": "out",
              "path": "/nix/store/zidsngzm5lwyabaq9fy6m9h6sifk6pg8-kubernetes-helm-3.17.0",
              "default": true
            }
          ],
          "store_path": "/nix/store/zidsngzm5lwyabaq9fy6m9h6sifk6pg8-kubernetes-helm-3.17.0"
        }
      }
    },
    "kustomize@latest": {
      "last_modified": "2025-01-19T08:16:51Z",
      "resolved": "github:NixOS/nixpkgs/50165c4f7eb48ce82bd063e1fb8047a0f515f8ce#kustomize",
      "source": "devbox-search",
      "version": "5.6.0",
      "systems": {
        "aarch64-darwin": {
          "outputs": [
            {
              "name": "out",
              "path": "/nix/store/66khnprx7lhzsxrvckww22lzwp0k4mbs-kustomize-5.6.0",
              "default": true
            }
          ],
          "store_path": "/nix/store/66khnprx7lhzsxrvckww22lzwp0k4mbs-kustomize-5.6.0"
        },
        "aarch64-linux": {
          "outputs": [
            {
              "name": "out",
              "path": "/nix/store/g5pzmmccb79mj7cw6v2fkm5jqbjgw2mc-kustomize-5.6.0",
              "default": true
            }
          ],
          "store_path": "/nix/store/g5pzmmccb79mj7cw6v2fkm5jqbjgw2mc-kustomize-5.6.0"
        },
        "x86_64-darwin": {
          "outputs": [
            {
              "name": "out",
              "path": "/nix/store/4s3idnqbh0pfk9y0qmhfcyys61hb4kij-kustomize-5.6.0",
              "default": true
            }
          ],
          "store_path": "/nix/store/4s3idnqbh0pfk9y0qmhfcyys61hb4kij-kustomize-5.6.0"
        },
        "x86_64-linux": {
          "outputs": [
            {
              "name": "out",
              "path": "/nix/store/v7xwlz3hfwqqrqqkbdcljq309274mzpg-kustomize-5.6.0",
              "default": true
            }
          ],
          "store_path": "/nix/store/v7xwlz3hfwqqrqqkbdcljq309274mzpg-kustomize-5.6.0"
        }
      }
    },
    "tilt@latest": {
      "last_modified": "2025-01-19T08:16:51Z",
      "resolved": "github:NixOS/nixpkgs/50165c4f7eb48ce82bd063e1fb8047a0f515f8ce#tilt",
      "source": "devbox-search",
      "version": "0.33.21",
      "systems": {
        "aarch64-darwin": {
          "outputs": [
            {
              "name": "out",
              "path": "/nix/store/3yp12p3ybi22qmsp4iqyr72ljf1j94wd-tilt-0.33.21",
              "default": true
            }
          ],
          "store_path": "/nix/store/3yp12p3ybi22qmsp4iqyr72ljf1j94wd-tilt-0.33.21"
        },
        "aarch64-linux": {
          "outputs": [
            {
              "name": "out",
              "path": "/nix/store/w2nsa7krlk38qqms79vkvwj4mv2mwr54-tilt-0.33.21",
              "default": true
            }
          ],
          "store_path": "/nix/store/w2nsa7krlk38qqms79vkvwj4mv2mwr54-tilt-0.33.21"
        },
        "x86_64-darwin": {
          "outputs": [
            {
              "name": "out",
              "path": "/nix/store/wl576xlgj20360p94jlx2cdmpxqx6wpp-tilt-0.33.21",
              "default": true
            }
          ],
          "store_path": "/nix/store/wl576xlgj20360p94jlx2cdmpxqx6wpp-tilt-0.33.21"
        },
        "x86_64-linux": {
          "outputs": [
            {
              "name": "out",
              "path": "/nix/store/m8ypc2mf5h2f45cwk9kan789cqj1wik5-tilt-0.33.21",
              "default": true
            }
          ],
          "store_path": "/nix/store/m8ypc2mf5h2f45cwk9kan789cqj1wik5-tilt-0.33.21"
        }
      }
    },
    "yq-go@latest": {
      "last_modified": "2025-01-19T08:16:51Z",
      "resolved": "github:NixOS/nixpkgs/50165c4f7eb48ce82bd063e1fb8047a0f515f8ce#yq-go",
      "source": "devbox-search",
      "version": "4.45.1",
      "systems": {
        "aarch64-darwin": {
          "outputs": [
            {
              "name": "out",
              "path": "/nix/store/2g34102lnfgsr7n2g2fm11r945lxmxgx-yq-go-4.45.1",
              "default": true
            }
          ],
          "store_path": "/nix/store/2g34102lnfgsr7n2g2fm11r945lxmxgx-yq-go-4.45.1"
        },
        "aarch64-linux": {
          "outputs": [
            {
              "name": "out",
              "path": "/nix/store/nsl4sm3zc4hl16l8zvcrnpw0kqkp21xh-yq-go-4.45.1",
              "default": true
            }
          ],
          "store_path": "/nix/store/nsl4sm3zc4hl16l8zvcrnpw0kqkp21xh-yq-go-4.45.1"
        },
        "x86_64-darwin": {
          "outputs": [
            {
              "name": "out",
              "path": "/nix/store/5v8g3w5ggravlps5qw49scidhk15dxgq-yq-go-4.45.1",
              "default": true
            }
          ],
          "store_path": "/nix/store/5v8g3w5ggravlps5qw49scidhk15dxgq-yq-go-4.45.1"
        },
        "x86_64-linux": {
          "outputs": [
            {
              "name": "out",
              "path": "/nix/store/0zcjg419anbc1g2ccry71k14wi4j8nsp-yq-go-4.45.1",
              "default": true
            }
          ],
          "store_path": "/nix/store/0zcjg419anbc1g2ccry71k14wi4j8nsp-yq-go-4.45.1"
        }
      }
    }
  }
}
